
Microsoft Visual Studio Solution File, Format Version 12.00
# Visual Studio Version 17
VisualStudioVersion = 17.7.34003.232
MinimumVisualStudioVersion = 10.0.40219.1
Project("{FAE04EC0-301F-11D3-BF4B-00C04F79EFBC}") = "CrescenteDecrescente", "CrescenteDecrescente\CrescenteDecrescente.csproj", "{0917BA73-D129-42D4-A63E-DCAA900F15DB}"
EndProject
Global
	GlobalSection(SolutionConfigurationPlatforms) = preSolution
		Debug|Any CPU = Debug|Any CPU
		Release|Any CPU = Release|Any CPU
	EndGlobalSection
	GlobalSection(ProjectConfigurationPlatforms) = postSolution
		{0917BA73-D129-42D4-A63E-DCAA900F15DB}.Debug|Any CPU.ActiveCfg = Debug|Any CPU
		{0917BA73-D129-42D4-A63E-DCAA900F15DB}.Debug|Any CPU.Build.0 = Debug|Any CPU
		{0917BA73-D129-42D4-A63E-DCAA900F15DB}.Release|Any CPU.ActiveCfg = Release|Any CPU
		{0917BA73-D129-42D4-A63E-DCAA900F15DB}.Release|Any CPU.Build.0 = Release|Any CPU
	EndGlobalSection
	GlobalSection(SolutionProperties) = preSolution
		HideSolutionNode = FALSE
	EndGlobalSection
	GlobalSection(ExtensibilityGlobals) = postSolution
		SolutionGuid = {7B2C1968-69CE-42BB-81A1-88E4BFB0F35B}
	EndGlobalSection
EndGlobal
