
Microsoft Visual Studio Solution File, Format Version 12.00
# Visual Studio Version 17
VisualStudioVersion = 17.6.33829.357
MinimumVisualStudioVersion = 10.0.40219.1
Project("{FAE04EC0-301F-11D3-BF4B-00C04F79EFBC}") = "Salario", "Salario\Salario.csproj", "{D8D84434-D103-4051-9184-297E402C1BDD}"
EndProject
Global
	GlobalSection(SolutionConfigurationPlatforms) = preSolution
		Debug|Any CPU = Debug|Any CPU
		Release|Any CPU = Release|Any CPU
	EndGlobalSection
	GlobalSection(ProjectConfigurationPlatforms) = postSolution
		{D8D84434-D103-4051-9184-297E402C1BDD}.Debug|Any CPU.ActiveCfg = Debug|Any CPU
		{D8D84434-D103-4051-9184-297E402C1BDD}.Debug|Any CPU.Build.0 = Debug|Any CPU
		{D8D84434-D103-4051-9184-297E402C1BDD}.Release|Any CPU.ActiveCfg = Release|Any CPU
		{D8D84434-D103-4051-9184-297E402C1BDD}.Release|Any CPU.Build.0 = Release|Any CPU
	EndGlobalSection
	GlobalSection(SolutionProperties) = preSolution
		HideSolutionNode = FALSE
	EndGlobalSection
	GlobalSection(ExtensibilityGlobals) = postSolution
		SolutionGuid = {648A5D77-CDB3-4951-8D91-629C52D7FD36}
	EndGlobalSection
EndGlobal
