
Microsoft Visual Studio Solution File, Format Version 12.00
# Visual Studio Version 17
VisualStudioVersion = 17.6.33829.357
MinimumVisualStudioVersion = 10.0.40219.1
Project("{FAE04EC0-301F-11D3-BF4B-00C04F79EFBC}") = "Medidas", "Medidas\Medidas.csproj", "{ADA321D7-2B91-44FB-ABA1-C29D194E874A}"
EndProject
Global
	GlobalSection(SolutionConfigurationPlatforms) = preSolution
		Debug|Any CPU = Debug|Any CPU
		Release|Any CPU = Release|Any CPU
	EndGlobalSection
	GlobalSection(ProjectConfigurationPlatforms) = postSolution
		{ADA321D7-2B91-44FB-ABA1-C29D194E874A}.Debug|Any CPU.ActiveCfg = Debug|Any CPU
		{ADA321D7-2B91-44FB-ABA1-C29D194E874A}.Debug|Any CPU.Build.0 = Debug|Any CPU
		{ADA321D7-2B91-44FB-ABA1-C29D194E874A}.Release|Any CPU.ActiveCfg = Release|Any CPU
		{ADA321D7-2B91-44FB-ABA1-C29D194E874A}.Release|Any CPU.Build.0 = Release|Any CPU
	EndGlobalSection
	GlobalSection(SolutionProperties) = preSolution
		HideSolutionNode = FALSE
	EndGlobalSection
	GlobalSection(ExtensibilityGlobals) = postSolution
		SolutionGuid = {94FBB750-AB71-46D0-960B-31246CB20495}
	EndGlobalSection
EndGlobal
