
Microsoft Visual Studio Solution File, Format Version 12.00
# Visual Studio Version 17
VisualStudioVersion = 17.5.002.0
MinimumVisualStudioVersion = 10.0.40219.1
Project("{9A19103F-16F7-4668-BE54-9A1E7A4F7556}") = "MatrizSoma2", "MatrizSoma2.csproj", "{CA82E40F-6D07-40ED-AB57-989917D8AFA3}"
EndProject
Global
	GlobalSection(SolutionConfigurationPlatforms) = preSolution
		Debug|Any CPU = Debug|Any CPU
		Release|Any CPU = Release|Any CPU
	EndGlobalSection
	GlobalSection(ProjectConfigurationPlatforms) = postSolution
		{CA82E40F-6D07-40ED-AB57-989917D8AFA3}.Debug|Any CPU.ActiveCfg = Debug|Any CPU
		{CA82E40F-6D07-40ED-AB57-989917D8AFA3}.Debug|Any CPU.Build.0 = Debug|Any CPU
		{CA82E40F-6D07-40ED-AB57-989917D8AFA3}.Release|Any CPU.ActiveCfg = Release|Any CPU
		{CA82E40F-6D07-40ED-AB57-989917D8AFA3}.Release|Any CPU.Build.0 = Release|Any CPU
	EndGlobalSection
	GlobalSection(SolutionProperties) = preSolution
		HideSolutionNode = FALSE
	EndGlobalSection
	GlobalSection(ExtensibilityGlobals) = postSolution
		SolutionGuid = {85961B40-E3BE-4940-9DF1-F8DED9790075}
	EndGlobalSection
EndGlobal
