
Microsoft Visual Studio Solution File, Format Version 12.00
# Visual Studio Version 17
VisualStudioVersion = 17.5.002.0
MinimumVisualStudioVersion = 10.0.40219.1
Project("{9A19103F-16F7-4668-BE54-9A1E7A4F7556}") = "Classe10", "Classe10.csproj", "{FC0405DA-74E1-496F-91E4-32BEA65F44DD}"
EndProject
Global
	GlobalSection(SolutionConfigurationPlatforms) = preSolution
		Debug|Any CPU = Debug|Any CPU
		Release|Any CPU = Release|Any CPU
	EndGlobalSection
	GlobalSection(ProjectConfigurationPlatforms) = postSolution
		{FC0405DA-74E1-496F-91E4-32BEA65F44DD}.Debug|Any CPU.ActiveCfg = Debug|Any CPU
		{FC0405DA-74E1-496F-91E4-32BEA65F44DD}.Debug|Any CPU.Build.0 = Debug|Any CPU
		{FC0405DA-74E1-496F-91E4-32BEA65F44DD}.Release|Any CPU.ActiveCfg = Release|Any CPU
		{FC0405DA-74E1-496F-91E4-32BEA65F44DD}.Release|Any CPU.Build.0 = Release|Any CPU
	EndGlobalSection
	GlobalSection(SolutionProperties) = preSolution
		HideSolutionNode = FALSE
	EndGlobalSection
	GlobalSection(ExtensibilityGlobals) = postSolution
		SolutionGuid = {79BC7DC9-FAC1-4A86-A023-C652B4751642}
	EndGlobalSection
EndGlobal
