
Microsoft Visual Studio Solution File, Format Version 12.00
# Visual Studio Version 17
VisualStudioVersion = 17.6.33829.357
MinimumVisualStudioVersion = 10.0.40219.1
Project("{FAE04EC0-301F-11D3-BF4B-00C04F79EFBC}") = "DiaSemana", "DiaSemana\DiaSemana.csproj", "{9572AF9C-B336-46D7-8B16-4CDBCE8476DA}"
EndProject
Global
	GlobalSection(SolutionConfigurationPlatforms) = preSolution
		Debug|Any CPU = Debug|Any CPU
		Release|Any CPU = Release|Any CPU
	EndGlobalSection
	GlobalSection(ProjectConfigurationPlatforms) = postSolution
		{9572AF9C-B336-46D7-8B16-4CDBCE8476DA}.Debug|Any CPU.ActiveCfg = Debug|Any CPU
		{9572AF9C-B336-46D7-8B16-4CDBCE8476DA}.Debug|Any CPU.Build.0 = Debug|Any CPU
		{9572AF9C-B336-46D7-8B16-4CDBCE8476DA}.Release|Any CPU.ActiveCfg = Release|Any CPU
		{9572AF9C-B336-46D7-8B16-4CDBCE8476DA}.Release|Any CPU.Build.0 = Release|Any CPU
	EndGlobalSection
	GlobalSection(SolutionProperties) = preSolution
		HideSolutionNode = FALSE
	EndGlobalSection
	GlobalSection(ExtensibilityGlobals) = postSolution
		SolutionGuid = {420422ED-3AFD-465C-9718-3FFB6E5FC048}
	EndGlobalSection
EndGlobal
