
Microsoft Visual Studio Solution File, Format Version 12.00
# Visual Studio Version 17
VisualStudioVersion = 17.6.33829.357
MinimumVisualStudioVersion = 10.0.40219.1
Project("{FAE04EC0-301F-11D3-BF4B-00C04F79EFBC}") = "Nomes", "Nomes\Nomes.csproj", "{B7A46EE3-0CE1-4516-8C6C-BDD11FD2D33C}"
EndProject
Global
	GlobalSection(SolutionConfigurationPlatforms) = preSolution
		Debug|Any CPU = Debug|Any CPU
		Release|Any CPU = Release|Any CPU
	EndGlobalSection
	GlobalSection(ProjectConfigurationPlatforms) = postSolution
		{B7A46EE3-0CE1-4516-8C6C-BDD11FD2D33C}.Debug|Any CPU.ActiveCfg = Debug|Any CPU
		{B7A46EE3-0CE1-4516-8C6C-BDD11FD2D33C}.Debug|Any CPU.Build.0 = Debug|Any CPU
		{B7A46EE3-0CE1-4516-8C6C-BDD11FD2D33C}.Release|Any CPU.ActiveCfg = Release|Any CPU
		{B7A46EE3-0CE1-4516-8C6C-BDD11FD2D33C}.Release|Any CPU.Build.0 = Release|Any CPU
	EndGlobalSection
	GlobalSection(SolutionProperties) = preSolution
		HideSolutionNode = FALSE
	EndGlobalSection
	GlobalSection(ExtensibilityGlobals) = postSolution
		SolutionGuid = {06C4DABF-508D-494E-B589-6089FB6D5BA3}
	EndGlobalSection
EndGlobal
