
Microsoft Visual Studio Solution File, Format Version 12.00
# Visual Studio Version 17
VisualStudioVersion = 17.5.002.0
MinimumVisualStudioVersion = 10.0.40219.1
Project("{9A19103F-16F7-4668-BE54-9A1E7A4F7556}") = "Classe09", "Classe09.csproj", "{821BCDB2-6708-4A1B-A1D6-43B9CEA29A93}"
EndProject
Global
	GlobalSection(SolutionConfigurationPlatforms) = preSolution
		Debug|Any CPU = Debug|Any CPU
		Release|Any CPU = Release|Any CPU
	EndGlobalSection
	GlobalSection(ProjectConfigurationPlatforms) = postSolution
		{821BCDB2-6708-4A1B-A1D6-43B9CEA29A93}.Debug|Any CPU.ActiveCfg = Debug|Any CPU
		{821BCDB2-6708-4A1B-A1D6-43B9CEA29A93}.Debug|Any CPU.Build.0 = Debug|Any CPU
		{821BCDB2-6708-4A1B-A1D6-43B9CEA29A93}.Release|Any CPU.ActiveCfg = Release|Any CPU
		{821BCDB2-6708-4A1B-A1D6-43B9CEA29A93}.Release|Any CPU.Build.0 = Release|Any CPU
	EndGlobalSection
	GlobalSection(SolutionProperties) = preSolution
		HideSolutionNode = FALSE
	EndGlobalSection
	GlobalSection(ExtensibilityGlobals) = postSolution
		SolutionGuid = {50FF89B6-3C0D-47D8-90EA-81754859B7EA}
	EndGlobalSection
EndGlobal
