
Microsoft Visual Studio Solution File, Format Version 12.00
# Visual Studio Version 17
VisualStudioVersion = 17.7.34003.232
MinimumVisualStudioVersion = 10.0.40219.1
Project("{FAE04EC0-301F-11D3-BF4B-00C04F79EFBC}") = "Multiplos", "Multiplos\Multiplos.csproj", "{3E8C251B-68A8-42E8-8824-AC2017989AB2}"
EndProject
Global
	GlobalSection(SolutionConfigurationPlatforms) = preSolution
		Debug|Any CPU = Debug|Any CPU
		Release|Any CPU = Release|Any CPU
	EndGlobalSection
	GlobalSection(ProjectConfigurationPlatforms) = postSolution
		{3E8C251B-68A8-42E8-8824-AC2017989AB2}.Debug|Any CPU.ActiveCfg = Debug|Any CPU
		{3E8C251B-68A8-42E8-8824-AC2017989AB2}.Debug|Any CPU.Build.0 = Debug|Any CPU
		{3E8C251B-68A8-42E8-8824-AC2017989AB2}.Release|Any CPU.ActiveCfg = Release|Any CPU
		{3E8C251B-68A8-42E8-8824-AC2017989AB2}.Release|Any CPU.Build.0 = Release|Any CPU
	EndGlobalSection
	GlobalSection(SolutionProperties) = preSolution
		HideSolutionNode = FALSE
	EndGlobalSection
	GlobalSection(ExtensibilityGlobals) = postSolution
		SolutionGuid = {10A5DAC0-F057-49DC-AE9A-E8D0EB7A9E22}
	EndGlobalSection
EndGlobal
