
Microsoft Visual Studio Solution File, Format Version 12.00
# Visual Studio Version 17
VisualStudioVersion = 17.7.34003.232
MinimumVisualStudioVersion = 10.0.40219.1
Project("{FAE04EC0-301F-11D3-BF4B-00C04F79EFBC}") = "Intervalo", "Intervalo\Intervalo.csproj", "{1FE7671A-426D-4CCB-8238-D4B535D11202}"
EndProject
Global
	GlobalSection(SolutionConfigurationPlatforms) = preSolution
		Debug|Any CPU = Debug|Any CPU
		Release|Any CPU = Release|Any CPU
	EndGlobalSection
	GlobalSection(ProjectConfigurationPlatforms) = postSolution
		{1FE7671A-426D-4CCB-8238-D4B535D11202}.Debug|Any CPU.ActiveCfg = Debug|Any CPU
		{1FE7671A-426D-4CCB-8238-D4B535D11202}.Debug|Any CPU.Build.0 = Debug|Any CPU
		{1FE7671A-426D-4CCB-8238-D4B535D11202}.Release|Any CPU.ActiveCfg = Release|Any CPU
		{1FE7671A-426D-4CCB-8238-D4B535D11202}.Release|Any CPU.Build.0 = Release|Any CPU
	EndGlobalSection
	GlobalSection(SolutionProperties) = preSolution
		HideSolutionNode = FALSE
	EndGlobalSection
	GlobalSection(ExtensibilityGlobals) = postSolution
		SolutionGuid = {5D2B6C1C-3E23-4B76-A471-19A08E9E5C0E}
	EndGlobalSection
EndGlobal
