
Microsoft Visual Studio Solution File, Format Version 12.00
# Visual Studio Version 17
VisualStudioVersion = 17.7.34003.232
MinimumVisualStudioVersion = 10.0.40219.1
Project("{FAE04EC0-301F-11D3-BF4B-00C04F79EFBC}") = "ValidacaoDeNota", "ValidacaoDeNota\ValidacaoDeNota.csproj", "{9CF8F6E4-4428-4713-AA0A-A88994010C7D}"
EndProject
Global
	GlobalSection(SolutionConfigurationPlatforms) = preSolution
		Debug|Any CPU = Debug|Any CPU
		Release|Any CPU = Release|Any CPU
	EndGlobalSection
	GlobalSection(ProjectConfigurationPlatforms) = postSolution
		{9CF8F6E4-4428-4713-AA0A-A88994010C7D}.Debug|Any CPU.ActiveCfg = Debug|Any CPU
		{9CF8F6E4-4428-4713-AA0A-A88994010C7D}.Debug|Any CPU.Build.0 = Debug|Any CPU
		{9CF8F6E4-4428-4713-AA0A-A88994010C7D}.Release|Any CPU.ActiveCfg = Release|Any CPU
		{9CF8F6E4-4428-4713-AA0A-A88994010C7D}.Release|Any CPU.Build.0 = Release|Any CPU
	EndGlobalSection
	GlobalSection(SolutionProperties) = preSolution
		HideSolutionNode = FALSE
	EndGlobalSection
	GlobalSection(ExtensibilityGlobals) = postSolution
		SolutionGuid = {693E767B-7F85-4BE7-AC59-5659765E5E29}
	EndGlobalSection
EndGlobal
