
Microsoft Visual Studio Solution File, Format Version 12.00
# Visual Studio Version 17
VisualStudioVersion = 17.6.33829.357
MinimumVisualStudioVersion = 10.0.40219.1
Project("{FAE04EC0-301F-11D3-BF4B-00C04F79EFBC}") = "DistanciaEntreDoisPontos", "DistanciaEntreDoisPontos\DistanciaEntreDoisPontos.csproj", "{7E9786B8-03AC-4F71-9C27-AC492246395D}"
EndProject
Global
	GlobalSection(SolutionConfigurationPlatforms) = preSolution
		Debug|Any CPU = Debug|Any CPU
		Release|Any CPU = Release|Any CPU
	EndGlobalSection
	GlobalSection(ProjectConfigurationPlatforms) = postSolution
		{7E9786B8-03AC-4F71-9C27-AC492246395D}.Debug|Any CPU.ActiveCfg = Debug|Any CPU
		{7E9786B8-03AC-4F71-9C27-AC492246395D}.Debug|Any CPU.Build.0 = Debug|Any CPU
		{7E9786B8-03AC-4F71-9C27-AC492246395D}.Release|Any CPU.ActiveCfg = Release|Any CPU
		{7E9786B8-03AC-4F71-9C27-AC492246395D}.Release|Any CPU.Build.0 = Release|Any CPU
	EndGlobalSection
	GlobalSection(SolutionProperties) = preSolution
		HideSolutionNode = FALSE
	EndGlobalSection
	GlobalSection(ExtensibilityGlobals) = postSolution
		SolutionGuid = {7E21DC57-6FE6-456A-8E08-6EB67322A483}
	EndGlobalSection
EndGlobal
