
Microsoft Visual Studio Solution File, Format Version 12.00
# Visual Studio Version 17
VisualStudioVersion = 17.6.33829.357
MinimumVisualStudioVersion = 10.0.40219.1
Project("{FAE04EC0-301F-11D3-BF4B-00C04F79EFBC}") = "FormulaDeBhaskara", "FormulaDeBhaskara\FormulaDeBhaskara.csproj", "{A3E0DFCA-3B5E-43C0-B3C8-6312F2F07F86}"
EndProject
Global
	GlobalSection(SolutionConfigurationPlatforms) = preSolution
		Debug|Any CPU = Debug|Any CPU
		Release|Any CPU = Release|Any CPU
	EndGlobalSection
	GlobalSection(ProjectConfigurationPlatforms) = postSolution
		{A3E0DFCA-3B5E-43C0-B3C8-6312F2F07F86}.Debug|Any CPU.ActiveCfg = Debug|Any CPU
		{A3E0DFCA-3B5E-43C0-B3C8-6312F2F07F86}.Debug|Any CPU.Build.0 = Debug|Any CPU
		{A3E0DFCA-3B5E-43C0-B3C8-6312F2F07F86}.Release|Any CPU.ActiveCfg = Release|Any CPU
		{A3E0DFCA-3B5E-43C0-B3C8-6312F2F07F86}.Release|Any CPU.Build.0 = Release|Any CPU
	EndGlobalSection
	GlobalSection(SolutionProperties) = preSolution
		HideSolutionNode = FALSE
	EndGlobalSection
	GlobalSection(ExtensibilityGlobals) = postSolution
		SolutionGuid = {A92C72B7-55EE-4E56-B9B9-670011562A1A}
	EndGlobalSection
EndGlobal
