
Microsoft Visual Studio Solution File, Format Version 12.00
# Visual Studio Version 17
VisualStudioVersion = 17.6.33829.357
MinimumVisualStudioVersion = 10.0.40219.1
Project("{FAE04EC0-301F-11D3-BF4B-00C04F79EFBC}") = "MenorDosNumeros", "MenorDosNumeros\MenorDosNumeros.csproj", "{941A8EDF-5A57-4DA3-9B10-FE3EE21CE15C}"
EndProject
Global
	GlobalSection(SolutionConfigurationPlatforms) = preSolution
		Debug|Any CPU = Debug|Any CPU
		Release|Any CPU = Release|Any CPU
	EndGlobalSection
	GlobalSection(ProjectConfigurationPlatforms) = postSolution
		{941A8EDF-5A57-4DA3-9B10-FE3EE21CE15C}.Debug|Any CPU.ActiveCfg = Debug|Any CPU
		{941A8EDF-5A57-4DA3-9B10-FE3EE21CE15C}.Debug|Any CPU.Build.0 = Debug|Any CPU
		{941A8EDF-5A57-4DA3-9B10-FE3EE21CE15C}.Release|Any CPU.ActiveCfg = Release|Any CPU
		{941A8EDF-5A57-4DA3-9B10-FE3EE21CE15C}.Release|Any CPU.Build.0 = Release|Any CPU
	EndGlobalSection
	GlobalSection(SolutionProperties) = preSolution
		HideSolutionNode = FALSE
	EndGlobalSection
	GlobalSection(ExtensibilityGlobals) = postSolution
		SolutionGuid = {6662BBDC-60F8-4FD4-A5F3-32DC21ADD58A}
	EndGlobalSection
EndGlobal
